
Microsoft Visual Studio Solution File, Format Version 12.00
# Visual Studio 15
VisualStudioVersion = 15.0.28307.106
MinimumVisualStudioVersion = 10.0.40219.1
Project("{9A19103F-16F7-4668-BE54-9A1E7A4F7556}") = "WebApplicationStudy", "WebApplicationStudy\WebApplicationStudy.csproj", "{1ACEB27C-636C-4297-9493-E3DBF99F891B}"
EndProject
Project("{FAE04EC0-301F-11D3-BF4B-00C04F79EFBC}") = "Students", "Students\Students.csproj", "{70AEA955-0684-4331-B85F-A74AF83E9D33}"
EndProject
Global
	GlobalSection(SolutionConfigurationPlatforms) = preSolution
		Debug|Any CPU = Debug|Any CPU
		Release|Any CPU = Release|Any CPU
	EndGlobalSection
	GlobalSection(ProjectConfigurationPlatforms) = postSolution
		{1ACEB27C-636C-4297-9493-E3DBF99F891B}.Debug|Any CPU.ActiveCfg = Debug|Any CPU
		{1ACEB27C-636C-4297-9493-E3DBF99F891B}.Debug|Any CPU.Build.0 = Debug|Any CPU
		{1ACEB27C-636C-4297-9493-E3DBF99F891B}.Release|Any CPU.ActiveCfg = Release|Any CPU
		{1ACEB27C-636C-4297-9493-E3DBF99F891B}.Release|Any CPU.Build.0 = Release|Any CPU
		{70AEA955-0684-4331-B85F-A74AF83E9D33}.Debug|Any CPU.ActiveCfg = Debug|Any CPU
		{70AEA955-0684-4331-B85F-A74AF83E9D33}.Debug|Any CPU.Build.0 = Debug|Any CPU
		{70AEA955-0684-4331-B85F-A74AF83E9D33}.Release|Any CPU.ActiveCfg = Release|Any CPU
		{70AEA955-0684-4331-B85F-A74AF83E9D33}.Release|Any CPU.Build.0 = Release|Any CPU
	EndGlobalSection
	GlobalSection(SolutionProperties) = preSolution
		HideSolutionNode = FALSE
	EndGlobalSection
	GlobalSection(ExtensibilityGlobals) = postSolution
		SolutionGuid = {65034FA6-A597-4787-8ACD-DB9053405B11}
	EndGlobalSection
EndGlobal
